
Microsoft Visual Studio Solution File, Format Version 12.00
# Visual Studio Version 16
VisualStudioVersion = 16.0.34031.81
MinimumVisualStudioVersion = 10.0.40219.1
Project("{FAE04EC0-301F-11D3-BF4B-00C04F79EFBC}") = "Take1", "Take1\Take1.csproj", "{992B2A44-1531-4584-AC12-DDCBBFCEF3D9}"
EndProject
Global
	GlobalSection(SolutionConfigurationPlatforms) = preSolution
		Debug|Any CPU = Debug|Any CPU
		Release|Any CPU = Release|Any CPU
	EndGlobalSection
	GlobalSection(ProjectConfigurationPlatforms) = postSolution
		{992B2A44-1531-4584-AC12-DDCBBFCEF3D9}.Debug|Any CPU.ActiveCfg = Debug|Any CPU
		{992B2A44-1531-4584-AC12-DDCBBFCEF3D9}.Debug|Any CPU.Build.0 = Debug|Any CPU
		{992B2A44-1531-4584-AC12-DDCBBFCEF3D9}.Release|Any CPU.ActiveCfg = Release|Any CPU
		{992B2A44-1531-4584-AC12-DDCBBFCEF3D9}.Release|Any CPU.Build.0 = Release|Any CPU
	EndGlobalSection
	GlobalSection(SolutionProperties) = preSolution
		HideSolutionNode = FALSE
	EndGlobalSection
	GlobalSection(ExtensibilityGlobals) = postSolution
		SolutionGuid = {A25878C6-26C9-4FC5-9423-2DF88442D83C}
	EndGlobalSection
EndGlobal
